2fe3d9ac052267b68514b168c1462ddc9ab10525ba88577a706ca901765020a3  brands/cimb/assets/mark.png
7855209fb42c5966ac3ec68da9206db33c0439dd8e6e6903e0ff200f469970a5  brands/cimb/brand.json
5843439ecae4290fbe3979556366476a9ca79e8b70de29f0dc9cc90d30c96a24  brands/cimb/icons/icon-16.png
f4f13f13f7f84117bd863f90620b498f36506bede2d0165d51f6dd831845328b  brands/cimb/icons/icon-32.png
9923e30c9dc30d11cc81c3b8bda5b9f0f69ca6ae7b239f58a08cfb26a5e4c728  brands/cimb/icons/icon-64.png
c812ec833ac050f5b00297b6008e942ae35d1c47f9220d8136cd9dae39971b86  brands/cimb/icons/icon-80.png
70415ce3fda4ba4bf2eb999b4d38108ab2d7c2be6288c899efce03192f60216b  brands/cimb/icons/icon-color.png
b85bc47be86a88b5ae8f72ce4bc6f68f6a5eece2ed23b098616cd22d924e2b01  brands/cimb/icons/icon-outline.png
ac09e350c133d8411e4f2ef41e42b0067077a72539ce46f4f282e31a19f7f2e3  brands/cimb/theme.css
ac69d3ee07404bcfa03509cbfc98ce5ebbebc64b6bcf245b4895732d02c6d769  brands/current
