cc9d57b4a73163152a412077f296ed96bbe091f867db0e49305543aeb2e95fb3  brands/cimb/assets/mark.png
5ef75e66df0dc636f7a027a041f75a2c14e3aa403f724ce304f38d9ecfa34c12  brands/cimb/brand.json
584494b2ab33c84e51a272ba074fef609f2b23fd8a2cfe8e27e1ea334ec03565  brands/cimb/icons/icon-16.png
0fe05c9a3dd31e09df035ca14ec094c7c371dcc95468f25d2fca106f0d78dff0  brands/cimb/icons/icon-32.png
cc9d57b4a73163152a412077f296ed96bbe091f867db0e49305543aeb2e95fb3  brands/cimb/icons/icon-64.png
9f599ff68b885b17109576fbbb577a0512003e6607ec781544bd2151f033147d  brands/cimb/icons/icon-80.png
174303c8ccf01baeaf7c64306521cc67665c58213d450c57e9096b12ed1cc311  brands/cimb/icons/icon-color.png
5bcdaef9b3fedeffcc525722ad519be42d26a01a6bd35ae18c7a8c775f5fe102  brands/cimb/icons/icon-outline.png
b1734f67c0b31b4056a62df40d6eca354e1408acd432f6c42297379fb66f25e2  brands/cimb/theme.css
ac69d3ee07404bcfa03509cbfc98ce5ebbebc64b6bcf245b4895732d02c6d769  brands/current
